
Microsoft Visual Studio Solution File, Format Version 12.00
# Visual Studio Version 17
VisualStudioVersion = 17.3.32819.101
MinimumVisualStudioVersion = 10.0.40219.1
Project("{FAE04EC0-301F-11D3-BF4B-00C04F79EFBC}") = "LevSundt.WebApp", "LevSundt.WebApp\LevSundt.WebApp.csproj", "{70632F11-7DE8-4671-B9F9-65104996FF6A}"
EndProject
Global
	GlobalSection(SolutionConfigurationPlatforms) = preSolution
		Debug|Any CPU = Debug|Any CPU
		Release|Any CPU = Release|Any CPU
	EndGlobalSection
	GlobalSection(ProjectConfigurationPlatforms) = postSolution
		{70632F11-7DE8-4671-B9F9-65104996FF6A}.Debug|Any CPU.ActiveCfg = Debug|Any CPU
		{70632F11-7DE8-4671-B9F9-65104996FF6A}.Debug|Any CPU.Build.0 = Debug|Any CPU
		{70632F11-7DE8-4671-B9F9-65104996FF6A}.Release|Any CPU.ActiveCfg = Release|Any CPU
		{70632F11-7DE8-4671-B9F9-65104996FF6A}.Release|Any CPU.Build.0 = Release|Any CPU
	EndGlobalSection
	GlobalSection(SolutionProperties) = preSolution
		HideSolutionNode = FALSE
	EndGlobalSection
	GlobalSection(ExtensibilityGlobals) = postSolution
		SolutionGuid = {5858C003-2B34-4246-8C05-B3C6781D29D1}
	EndGlobalSection
EndGlobal
